{
  "name": "playwright",
  "version": "1.0.0",
  "lockfileVersion": 1,
  "requires": true,
  "dependencies": {
    "playwright-cli": {
      "version": "0.180.0",
      "resolved": "https://registry.npmjs.org/playwright-cli/-/playwright-cli-0.180.0.tgz",
      "integrity": "sha512-T2mBkdIwSNz8K+wRYpZgPDWzS3pUjSomi+9W6ybg/FSTQvxceGg2n8upo4YGFkBrH4PyOcRTi+si+B7O6yRa+g==",
      "dev": true
    }
  }
}
